
Microsoft Visual Studio Solution File, Format Version 12.00
# Visual Studio Version 17
VisualStudioVersion = 17.8.34309.116
MinimumVisualStudioVersion = 10.0.40219.1
Project("{9A19103F-16F7-4668-BE54-9A1E7A4F7556}") = "BlazorSignalR", "BlazorSignalR\BlazorSignalR.csproj", "{C2A3AF86-8428-44AD-AEEC-F9C03555DD3F}"
EndProject
Project("{FAE04EC0-301F-11D3-BF4B-00C04F79EFBC}") = "SampleProject", "SampleProject\SampleProject.csproj", "{66C8D58C-470D-4C9B-8E36-1B772443D3E7}"
EndProject
Project("{FAE04EC0-301F-11D3-BF4B-00C04F79EFBC}") = "TestLocalProjects", "TestLocalProjects\TestLocalProjects.csproj", "{064E4C8C-EA34-4EF8-9CF9-B3783CF5FB91}"
EndProject
Global
	GlobalSection(SolutionConfigurationPlatforms) = preSolution
		Debug|Any CPU = Debug|Any CPU
		Release|Any CPU = Release|Any CPU
	EndGlobalSection
	GlobalSection(ProjectConfigurationPlatforms) = postSolution
		{C2A3AF86-8428-44AD-AEEC-F9C03555DD3F}.Debug|Any CPU.ActiveCfg = Debug|Any CPU
		{C2A3AF86-8428-44AD-AEEC-F9C03555DD3F}.Debug|Any CPU.Build.0 = Debug|Any CPU
		{C2A3AF86-8428-44AD-AEEC-F9C03555DD3F}.Release|Any CPU.ActiveCfg = Release|Any CPU
		{C2A3AF86-8428-44AD-AEEC-F9C03555DD3F}.Release|Any CPU.Build.0 = Release|Any CPU
		{66C8D58C-470D-4C9B-8E36-1B772443D3E7}.Debug|Any CPU.ActiveCfg = Debug|Any CPU
		{66C8D58C-470D-4C9B-8E36-1B772443D3E7}.Debug|Any CPU.Build.0 = Debug|Any CPU
		{66C8D58C-470D-4C9B-8E36-1B772443D3E7}.Release|Any CPU.ActiveCfg = Release|Any CPU
		{66C8D58C-470D-4C9B-8E36-1B772443D3E7}.Release|Any CPU.Build.0 = Release|Any CPU
		{064E4C8C-EA34-4EF8-9CF9-B3783CF5FB91}.Debug|Any CPU.ActiveCfg = Debug|Any CPU
		{064E4C8C-EA34-4EF8-9CF9-B3783CF5FB91}.Debug|Any CPU.Build.0 = Debug|Any CPU
		{064E4C8C-EA34-4EF8-9CF9-B3783CF5FB91}.Release|Any CPU.ActiveCfg = Release|Any CPU
		{064E4C8C-EA34-4EF8-9CF9-B3783CF5FB91}.Release|Any CPU.Build.0 = Release|Any CPU
	EndGlobalSection
	GlobalSection(SolutionProperties) = preSolution
		HideSolutionNode = FALSE
	EndGlobalSection
	GlobalSection(ExtensibilityGlobals) = postSolution
		SolutionGuid = {39220192-217E-4732-B638-3360079FFEB2}
	EndGlobalSection
EndGlobal
